
Microsoft Visual Studio Solution File, Format Version 12.00
# Visual Studio Version 16
VisualStudioVersion = 16.0.30717.126
MinimumVisualStudioVersion = 10.0.40219.1
Project("{9A19103F-16F7-4668-BE54-9A1E7A4F7556}") = "DataAccessLayer", "DataAccessLayer\DataAccessLayer.csproj", "{9B7C67B4-3171-494E-ABAB-796BEF77AD8D}"
EndProject
Project("{FAE04EC0-301F-11D3-BF4B-00C04F79EFBC}") = "EducationPortalConsoleApp", "EducationPortalConsoleApp\EducationPortalConsoleApp.csproj", "{5B437A77-367F-4870-82D6-F7783796992F}"
EndProject
Global
	GlobalSection(SolutionConfigurationPlatforms) = preSolution
		Debug|Any CPU = Debug|Any CPU
		Release|Any CPU = Release|Any CPU
	EndGlobalSection
	GlobalSection(ProjectConfigurationPlatforms) = postSolution
		{9B7C67B4-3171-494E-ABAB-796BEF77AD8D}.Debug|Any CPU.ActiveCfg = Debug|Any CPU
		{9B7C67B4-3171-494E-ABAB-796BEF77AD8D}.Debug|Any CPU.Build.0 = Debug|Any CPU
		{9B7C67B4-3171-494E-ABAB-796BEF77AD8D}.Release|Any CPU.ActiveCfg = Release|Any CPU
		{9B7C67B4-3171-494E-ABAB-796BEF77AD8D}.Release|Any CPU.Build.0 = Release|Any CPU
		{5B437A77-367F-4870-82D6-F7783796992F}.Debug|Any CPU.ActiveCfg = Debug|Any CPU
		{5B437A77-367F-4870-82D6-F7783796992F}.Debug|Any CPU.Build.0 = Debug|Any CPU
		{5B437A77-367F-4870-82D6-F7783796992F}.Release|Any CPU.ActiveCfg = Release|Any CPU
		{5B437A77-367F-4870-82D6-F7783796992F}.Release|Any CPU.Build.0 = Release|Any CPU
	EndGlobalSection
	GlobalSection(SolutionProperties) = preSolution
		HideSolutionNode = FALSE
	EndGlobalSection
	GlobalSection(ExtensibilityGlobals) = postSolution
		SolutionGuid = {02AD3976-82CC-483B-9C5A-1A68481E0F4B}
	EndGlobalSection
EndGlobal
