
Microsoft Visual Studio Solution File, Format Version 12.00
# Visual Studio Version 16
VisualStudioVersion = 16.0.30717.126
MinimumVisualStudioVersion = 10.0.40219.1
Project("{9A19103F-16F7-4668-BE54-9A1E7A4F7556}") = "EducationPortal.DAL", "DataAccessLayer\EducationPortal.DAL.csproj", "{9B7C67B4-3171-494E-ABAB-796BEF77AD8D}"
EndProject
Project("{9A19103F-16F7-4668-BE54-9A1E7A4F7556}") = "EducationPortal.PL", "EducationPortalConsoleApp\EducationPortal.PL.csproj", "{5B437A77-367F-4870-82D6-F7783796992F}"
EndProject
Project("{9A19103F-16F7-4668-BE54-9A1E7A4F7556}") = "BusinessLogicLayer", "BusinessLogicLayer\BusinessLogicLayer.csproj", "{0D1FC3EC-4AFB-4DFB-B9D1-DA840513C1BA}"
EndProject
Project("{9A19103F-16F7-4668-BE54-9A1E7A4F7556}") = "BullsAndCows", "BullsAndCows\BullsAndCows.csproj", "{9277B0D7-28DC-462D-A577-C991C6B55810}"
EndProject
Project("{9A19103F-16F7-4668-BE54-9A1E7A4F7556}") = "EducationPortal.BLL", "BusinessLogicLayer\EducationPortal.BLL.csproj", "{C66440C8-EABB-48C8-9305-E645889DDF96}"
EndProject
Project("{9A19103F-16F7-4668-BE54-9A1E7A4F7556}") = "EducationPortal.Domain", "EducationPortal.Domain\EducationPortal.Domain.csproj", "{5B4236C0-F986-4454-BB20-8E0A5401A5D3}"
EndProject
Project("{9A19103F-16F7-4668-BE54-9A1E7A4F7556}") = "EducationPortal.XmlDataBase", "EducationPortal.XmlDataBase\EducationPortal.XmlDataBase.csproj", "{3825B27B-1F69-4E8F-832E-9BA51335F32D}"
EndProject
Global
	GlobalSection(SolutionConfigurationPlatforms) = preSolution
		Debug|Any CPU = Debug|Any CPU
		Release|Any CPU = Release|Any CPU
	EndGlobalSection
	GlobalSection(ProjectConfigurationPlatforms) = postSolution
		{9B7C67B4-3171-494E-ABAB-796BEF77AD8D}.Debug|Any CPU.ActiveCfg = Debug|Any CPU
		{9B7C67B4-3171-494E-ABAB-796BEF77AD8D}.Debug|Any CPU.Build.0 = Debug|Any CPU
		{9B7C67B4-3171-494E-ABAB-796BEF77AD8D}.Release|Any CPU.ActiveCfg = Release|Any CPU
		{9B7C67B4-3171-494E-ABAB-796BEF77AD8D}.Release|Any CPU.Build.0 = Release|Any CPU
		{5B437A77-367F-4870-82D6-F7783796992F}.Debug|Any CPU.ActiveCfg = Debug|Any CPU
		{5B437A77-367F-4870-82D6-F7783796992F}.Debug|Any CPU.Build.0 = Debug|Any CPU
		{5B437A77-367F-4870-82D6-F7783796992F}.Release|Any CPU.ActiveCfg = Release|Any CPU
		{5B437A77-367F-4870-82D6-F7783796992F}.Release|Any CPU.Build.0 = Release|Any CPU
		{0D1FC3EC-4AFB-4DFB-B9D1-DA840513C1BA}.Debug|Any CPU.ActiveCfg = Debug|Any CPU
		{0D1FC3EC-4AFB-4DFB-B9D1-DA840513C1BA}.Debug|Any CPU.Build.0 = Debug|Any CPU
		{0D1FC3EC-4AFB-4DFB-B9D1-DA840513C1BA}.Release|Any CPU.ActiveCfg = Release|Any CPU
		{0D1FC3EC-4AFB-4DFB-B9D1-DA840513C1BA}.Release|Any CPU.Build.0 = Release|Any CPU
		{9277B0D7-28DC-462D-A577-C991C6B55810}.Debug|Any CPU.ActiveCfg = Debug|Any CPU
		{9277B0D7-28DC-462D-A577-C991C6B55810}.Debug|Any CPU.Build.0 = Debug|Any CPU
		{9277B0D7-28DC-462D-A577-C991C6B55810}.Release|Any CPU.ActiveCfg = Release|Any CPU
		{9277B0D7-28DC-462D-A577-C991C6B55810}.Release|Any CPU.Build.0 = Release|Any CPU
		{C66440C8-EABB-48C8-9305-E645889DDF96}.Debug|Any CPU.ActiveCfg = Debug|Any CPU
		{C66440C8-EABB-48C8-9305-E645889DDF96}.Debug|Any CPU.Build.0 = Debug|Any CPU
		{C66440C8-EABB-48C8-9305-E645889DDF96}.Release|Any CPU.ActiveCfg = Release|Any CPU
		{C66440C8-EABB-48C8-9305-E645889DDF96}.Release|Any CPU.Build.0 = Release|Any CPU
		{5B4236C0-F986-4454-BB20-8E0A5401A5D3}.Debug|Any CPU.ActiveCfg = Debug|Any CPU
		{5B4236C0-F986-4454-BB20-8E0A5401A5D3}.Debug|Any CPU.Build.0 = Debug|Any CPU
		{5B4236C0-F986-4454-BB20-8E0A5401A5D3}.Release|Any CPU.ActiveCfg = Release|Any CPU
		{5B4236C0-F986-4454-BB20-8E0A5401A5D3}.Release|Any CPU.Build.0 = Release|Any CPU
		{3825B27B-1F69-4E8F-832E-9BA51335F32D}.Debug|Any CPU.ActiveCfg = Debug|Any CPU
		{3825B27B-1F69-4E8F-832E-9BA51335F32D}.Debug|Any CPU.Build.0 = Debug|Any CPU
		{3825B27B-1F69-4E8F-832E-9BA51335F32D}.Release|Any CPU.ActiveCfg = Release|Any CPU
		{3825B27B-1F69-4E8F-832E-9BA51335F32D}.Release|Any CPU.Build.0 = Release|Any CPU
	EndGlobalSection
	GlobalSection(SolutionProperties) = preSolution
		HideSolutionNode = FALSE
	EndGlobalSection
	GlobalSection(ExtensibilityGlobals) = postSolution
		SolutionGuid = {02AD3976-82CC-483B-9C5A-1A68481E0F4B}
	EndGlobalSection
EndGlobal
